
Microsoft Visual Studio Solution File, Format Version 12.00
# Visual Studio Version 17
VisualStudioVersion = 17.9.34728.123
MinimumVisualStudioVersion = 10.0.40219.1
Project("{FAE04EC0-301F-11D3-BF4B-00C04F79EFBC}") = "Web", "AdminArea\Web.csproj", "{C2DF02F1-6E83-46C9-AFE1-28244B836238}"
EndProject
Project("{FAE04EC0-301F-11D3-BF4B-00C04F79EFBC}") = "Web.Infrastructure", "Infrastructure\Web.Infrastructure.csproj", "{0719C96E-4C16-4CF9-8490-5CDE7DE4CBCE}"
EndProject
Project("{2150E333-8FDC-42A3-9474-1A3956D46DE8}") = "core", "core", "{EC55EE62-FCEC-42E5-BB1A-4AFAD46391B7}"
EndProject
Project("{FAE04EC0-301F-11D3-BF4B-00C04F79EFBC}") = "Web.Application", "Web.Application\Web.Application.csproj", "{344047BD-A441-439E-A95B-B63243611B83}"
EndProject
Project("{FAE04EC0-301F-11D3-BF4B-00C04F79EFBC}") = "Web.Domian", "Web.Domian\Web.Domian.csproj", "{0E07279B-D2CB-43E0-AFB7-009939EC578D}"
EndProject
Global
	GlobalSection(SolutionConfigurationPlatforms) = preSolution
		Debug|Any CPU = Debug|Any CPU
		Release|Any CPU = Release|Any CPU
	EndGlobalSection
	GlobalSection(ProjectConfigurationPlatforms) = postSolution
		{C2DF02F1-6E83-46C9-AFE1-28244B836238}.Debug|Any CPU.ActiveCfg = Debug|Any CPU
		{C2DF02F1-6E83-46C9-AFE1-28244B836238}.Debug|Any CPU.Build.0 = Debug|Any CPU
		{C2DF02F1-6E83-46C9-AFE1-28244B836238}.Release|Any CPU.ActiveCfg = Release|Any CPU
		{C2DF02F1-6E83-46C9-AFE1-28244B836238}.Release|Any CPU.Build.0 = Release|Any CPU
		{0719C96E-4C16-4CF9-8490-5CDE7DE4CBCE}.Debug|Any CPU.ActiveCfg = Debug|Any CPU
		{0719C96E-4C16-4CF9-8490-5CDE7DE4CBCE}.Debug|Any CPU.Build.0 = Debug|Any CPU
		{0719C96E-4C16-4CF9-8490-5CDE7DE4CBCE}.Release|Any CPU.ActiveCfg = Release|Any CPU
		{0719C96E-4C16-4CF9-8490-5CDE7DE4CBCE}.Release|Any CPU.Build.0 = Release|Any CPU
		{344047BD-A441-439E-A95B-B63243611B83}.Debug|Any CPU.ActiveCfg = Debug|Any CPU
		{344047BD-A441-439E-A95B-B63243611B83}.Debug|Any CPU.Build.0 = Debug|Any CPU
		{344047BD-A441-439E-A95B-B63243611B83}.Release|Any CPU.ActiveCfg = Release|Any CPU
		{344047BD-A441-439E-A95B-B63243611B83}.Release|Any CPU.Build.0 = Release|Any CPU
		{0E07279B-D2CB-43E0-AFB7-009939EC578D}.Debug|Any CPU.ActiveCfg = Debug|Any CPU
		{0E07279B-D2CB-43E0-AFB7-009939EC578D}.Debug|Any CPU.Build.0 = Debug|Any CPU
		{0E07279B-D2CB-43E0-AFB7-009939EC578D}.Release|Any CPU.ActiveCfg = Release|Any CPU
		{0E07279B-D2CB-43E0-AFB7-009939EC578D}.Release|Any CPU.Build.0 = Release|Any CPU
	EndGlobalSection
	GlobalSection(SolutionProperties) = preSolution
		HideSolutionNode = FALSE
	EndGlobalSection
	GlobalSection(NestedProjects) = preSolution
		{344047BD-A441-439E-A95B-B63243611B83} = {EC55EE62-FCEC-42E5-BB1A-4AFAD46391B7}
		{0E07279B-D2CB-43E0-AFB7-009939EC578D} = {EC55EE62-FCEC-42E5-BB1A-4AFAD46391B7}
	EndGlobalSection
	GlobalSection(ExtensibilityGlobals) = postSolution
		SolutionGuid = {9D0E0020-9444-46E3-B186-C81D118521FD}
	EndGlobalSection
EndGlobal
